
Microsoft Visual Studio Solution File, Format Version 12.00
# Visual Studio Version 17
VisualStudioVersion = 17.0.31903.59
MinimumVisualStudioVersion = 10.0.40219.1
Project("{FAE04EC0-301F-11D3-BF4B-00C04F79EFBC}") = "SwarmID.Api", "SwarmID.Api\SwarmID.Api.csproj", "{7ADDDDBD-56A3-4D3C-988A-FEC5BE3475D4}"
EndProject
Project("{FAE04EC0-301F-11D3-BF4B-00C04F79EFBC}") = "SwarmID.Dashboard", "SwarmID.Dashboard\SwarmID.Dashboard.csproj", "{BBFF028B-437E-45C6-A7E7-EFCCC4F222E6}"
EndProject
Project("{FAE04EC0-301F-11D3-BF4B-00C04F79EFBC}") = "SwarmID.Core", "SwarmID.Core\SwarmID.Core.csproj", "{FD64A145-03E2-458F-968F-CF03D3EAC9A8}"
EndProject
Project("{FAE04EC0-301F-11D3-BF4B-00C04F79EFBC}") = "SwarmID.TrafficAnalysis", "SwarmID.TrafficAnalysis\SwarmID.TrafficAnalysis.csproj", "{A05D0582-16C0-4939-AF8C-AD9E1DA26607}"
EndProject
Project("{FAE04EC0-301F-11D3-BF4B-00C04F79EFBC}") = "SwarmID.Tests", "SwarmID.Tests\SwarmID.Tests.csproj", "{7B2C33B8-436B-41AB-BEB9-A5AA16EB8735}"
EndProject
Global
	GlobalSection(SolutionConfigurationPlatforms) = preSolution
		Debug|Any CPU = Debug|Any CPU
		Debug|x64 = Debug|x64
		Debug|x86 = Debug|x86
		Release|Any CPU = Release|Any CPU
		Release|x64 = Release|x64
		Release|x86 = Release|x86
	EndGlobalSection
	GlobalSection(ProjectConfigurationPlatforms) = postSolution
		{7ADDDDBD-56A3-4D3C-988A-FEC5BE3475D4}.Debug|Any CPU.ActiveCfg = Debug|Any CPU
		{7ADDDDBD-56A3-4D3C-988A-FEC5BE3475D4}.Debug|Any CPU.Build.0 = Debug|Any CPU
		{7ADDDDBD-56A3-4D3C-988A-FEC5BE3475D4}.Debug|x64.ActiveCfg = Debug|Any CPU
		{7ADDDDBD-56A3-4D3C-988A-FEC5BE3475D4}.Debug|x64.Build.0 = Debug|Any CPU
		{7ADDDDBD-56A3-4D3C-988A-FEC5BE3475D4}.Debug|x86.ActiveCfg = Debug|Any CPU
		{7ADDDDBD-56A3-4D3C-988A-FEC5BE3475D4}.Debug|x86.Build.0 = Debug|Any CPU
		{7ADDDDBD-56A3-4D3C-988A-FEC5BE3475D4}.Release|Any CPU.ActiveCfg = Release|Any CPU
		{7ADDDDBD-56A3-4D3C-988A-FEC5BE3475D4}.Release|Any CPU.Build.0 = Release|Any CPU
		{7ADDDDBD-56A3-4D3C-988A-FEC5BE3475D4}.Release|x64.ActiveCfg = Release|Any CPU
		{7ADDDDBD-56A3-4D3C-988A-FEC5BE3475D4}.Release|x64.Build.0 = Release|Any CPU
		{7ADDDDBD-56A3-4D3C-988A-FEC5BE3475D4}.Release|x86.ActiveCfg = Release|Any CPU
		{7ADDDDBD-56A3-4D3C-988A-FEC5BE3475D4}.Release|x86.Build.0 = Release|Any CPU
		{BBFF028B-437E-45C6-A7E7-EFCCC4F222E6}.Debug|Any CPU.ActiveCfg = Debug|Any CPU
		{BBFF028B-437E-45C6-A7E7-EFCCC4F222E6}.Debug|Any CPU.Build.0 = Debug|Any CPU
		{BBFF028B-437E-45C6-A7E7-EFCCC4F222E6}.Debug|x64.ActiveCfg = Debug|Any CPU
		{BBFF028B-437E-45C6-A7E7-EFCCC4F222E6}.Debug|x64.Build.0 = Debug|Any CPU
		{BBFF028B-437E-45C6-A7E7-EFCCC4F222E6}.Debug|x86.ActiveCfg = Debug|Any CPU
		{BBFF028B-437E-45C6-A7E7-EFCCC4F222E6}.Debug|x86.Build.0 = Debug|Any CPU
		{BBFF028B-437E-45C6-A7E7-EFCCC4F222E6}.Release|Any CPU.ActiveCfg = Release|Any CPU
		{BBFF028B-437E-45C6-A7E7-EFCCC4F222E6}.Release|Any CPU.Build.0 = Release|Any CPU
		{BBFF028B-437E-45C6-A7E7-EFCCC4F222E6}.Release|x64.ActiveCfg = Release|Any CPU
		{BBFF028B-437E-45C6-A7E7-EFCCC4F222E6}.Release|x64.Build.0 = Release|Any CPU
		{BBFF028B-437E-45C6-A7E7-EFCCC4F222E6}.Release|x86.ActiveCfg = Release|Any CPU
		{BBFF028B-437E-45C6-A7E7-EFCCC4F222E6}.Release|x86.Build.0 = Release|Any CPU
		{FD64A145-03E2-458F-968F-CF03D3EAC9A8}.Debug|Any CPU.ActiveCfg = Debug|Any CPU
		{FD64A145-03E2-458F-968F-CF03D3EAC9A8}.Debug|Any CPU.Build.0 = Debug|Any CPU
		{FD64A145-03E2-458F-968F-CF03D3EAC9A8}.Debug|x64.ActiveCfg = Debug|Any CPU
		{FD64A145-03E2-458F-968F-CF03D3EAC9A8}.Debug|x64.Build.0 = Debug|Any CPU
		{FD64A145-03E2-458F-968F-CF03D3EAC9A8}.Debug|x86.ActiveCfg = Debug|Any CPU
		{FD64A145-03E2-458F-968F-CF03D3EAC9A8}.Debug|x86.Build.0 = Debug|Any CPU
		{FD64A145-03E2-458F-968F-CF03D3EAC9A8}.Release|Any CPU.ActiveCfg = Release|Any CPU
		{FD64A145-03E2-458F-968F-CF03D3EAC9A8}.Release|Any CPU.Build.0 = Release|Any CPU
		{FD64A145-03E2-458F-968F-CF03D3EAC9A8}.Release|x64.ActiveCfg = Release|Any CPU
		{FD64A145-03E2-458F-968F-CF03D3EAC9A8}.Release|x64.Build.0 = Release|Any CPU
		{FD64A145-03E2-458F-968F-CF03D3EAC9A8}.Release|x86.ActiveCfg = Release|Any CPU
		{FD64A145-03E2-458F-968F-CF03D3EAC9A8}.Release|x86.Build.0 = Release|Any CPU
		{A05D0582-16C0-4939-AF8C-AD9E1DA26607}.Debug|Any CPU.ActiveCfg = Debug|Any CPU
		{A05D0582-16C0-4939-AF8C-AD9E1DA26607}.Debug|Any CPU.Build.0 = Debug|Any CPU
		{A05D0582-16C0-4939-AF8C-AD9E1DA26607}.Debug|x64.ActiveCfg = Debug|Any CPU
		{A05D0582-16C0-4939-AF8C-AD9E1DA26607}.Debug|x64.Build.0 = Debug|Any CPU
		{A05D0582-16C0-4939-AF8C-AD9E1DA26607}.Debug|x86.ActiveCfg = Debug|Any CPU
		{A05D0582-16C0-4939-AF8C-AD9E1DA26607}.Debug|x86.Build.0 = Debug|Any CPU
		{A05D0582-16C0-4939-AF8C-AD9E1DA26607}.Release|Any CPU.ActiveCfg = Release|Any CPU
		{A05D0582-16C0-4939-AF8C-AD9E1DA26607}.Release|Any CPU.Build.0 = Release|Any CPU
		{A05D0582-16C0-4939-AF8C-AD9E1DA26607}.Release|x64.ActiveCfg = Release|Any CPU
		{A05D0582-16C0-4939-AF8C-AD9E1DA26607}.Release|x64.Build.0 = Release|Any CPU
		{A05D0582-16C0-4939-AF8C-AD9E1DA26607}.Release|x86.ActiveCfg = Release|Any CPU
		{A05D0582-16C0-4939-AF8C-AD9E1DA26607}.Release|x86.Build.0 = Release|Any CPU
		{7B2C33B8-436B-41AB-BEB9-A5AA16EB8735}.Debug|Any CPU.ActiveCfg = Debug|Any CPU
		{7B2C33B8-436B-41AB-BEB9-A5AA16EB8735}.Debug|Any CPU.Build.0 = Debug|Any CPU
		{7B2C33B8-436B-41AB-BEB9-A5AA16EB8735}.Debug|x64.ActiveCfg = Debug|Any CPU
		{7B2C33B8-436B-41AB-BEB9-A5AA16EB8735}.Debug|x64.Build.0 = Debug|Any CPU
		{7B2C33B8-436B-41AB-BEB9-A5AA16EB8735}.Debug|x86.ActiveCfg = Debug|Any CPU
		{7B2C33B8-436B-41AB-BEB9-A5AA16EB8735}.Debug|x86.Build.0 = Debug|Any CPU
		{7B2C33B8-436B-41AB-BEB9-A5AA16EB8735}.Release|Any CPU.ActiveCfg = Release|Any CPU
		{7B2C33B8-436B-41AB-BEB9-A5AA16EB8735}.Release|Any CPU.Build.0 = Release|Any CPU
		{7B2C33B8-436B-41AB-BEB9-A5AA16EB8735}.Release|x64.ActiveCfg = Release|Any CPU
		{7B2C33B8-436B-41AB-BEB9-A5AA16EB8735}.Release|x64.Build.0 = Release|Any CPU
		{7B2C33B8-436B-41AB-BEB9-A5AA16EB8735}.Release|x86.ActiveCfg = Release|Any CPU
		{7B2C33B8-436B-41AB-BEB9-A5AA16EB8735}.Release|x86.Build.0 = Release|Any CPU
	EndGlobalSection
	GlobalSection(SolutionProperties) = preSolution
		HideSolutionNode = FALSE
	EndGlobalSection
EndGlobal
